
Microsoft Visual Studio Solution File, Format Version 12.00
# Visual Studio 15
VisualStudioVersion = 15.0.28010.2019
MinimumVisualStudioVersion = 10.0.40219.1
Project("{FAE04EC0-301F-11D3-BF4B-00C04F79EFBC}") = "Circle", "Circle\Circle.csproj", "{2860A302-8BD3-44C7-9A3E-923776EC7A24}"
EndProject
Global
	GlobalSection(SolutionConfigurationPlatforms) = preSolution
		Debug|Any CPU = Debug|Any CPU
		Release|Any CPU = Release|Any CPU
	EndGlobalSection
	GlobalSection(ProjectConfigurationPlatforms) = postSolution
		{2860A302-8BD3-44C7-9A3E-923776EC7A24}.Debug|Any CPU.ActiveCfg = Debug|Any CPU
		{2860A302-8BD3-44C7-9A3E-923776EC7A24}.Debug|Any CPU.Build.0 = Debug|Any CPU
		{2860A302-8BD3-44C7-9A3E-923776EC7A24}.Release|Any CPU.ActiveCfg = Release|Any CPU
		{2860A302-8BD3-44C7-9A3E-923776EC7A24}.Release|Any CPU.Build.0 = Release|Any CPU
	EndGlobalSection
	GlobalSection(SolutionProperties) = preSolution
		HideSolutionNode = FALSE
	EndGlobalSection
	GlobalSection(ExtensibilityGlobals) = postSolution
		SolutionGuid = {6EE1CE41-64A1-4BAB-B5B4-45EDE0E3D5A5}
	EndGlobalSection
EndGlobal
